
Microsoft Visual Studio Solution File, Format Version 12.00
# Visual Studio 15
VisualStudioVersion = 15.0.26730.16
MinimumVisualStudioVersion = 10.0.40219.1
Project("{FAE04EC0-301F-11D3-BF4B-00C04F79EFBC}") = "DataEntryForms", "DataEntryForms\DataEntryForms.csproj", "{58D98520-65FE-4AC4-BE61-F44F50131E8D}"
EndProject
Global
	GlobalSection(SolutionConfigurationPlatforms) = preSolution
		Debug|Any CPU = Debug|Any CPU
		Release|Any CPU = Release|Any CPU
	EndGlobalSection
	GlobalSection(ProjectConfigurationPlatforms) = postSolution
		{58D98520-65FE-4AC4-BE61-F44F50131E8D}.Debug|Any CPU.ActiveCfg = Debug|Any CPU
		{58D98520-65FE-4AC4-BE61-F44F50131E8D}.Debug|Any CPU.Build.0 = Debug|Any CPU
		{58D98520-65FE-4AC4-BE61-F44F50131E8D}.Release|Any CPU.ActiveCfg = Release|Any CPU
		{58D98520-65FE-4AC4-BE61-F44F50131E8D}.Release|Any CPU.Build.0 = Release|Any CPU
	EndGlobalSection
	GlobalSection(SolutionProperties) = preSolution
		HideSolutionNode = FALSE
	EndGlobalSection
	GlobalSection(ExtensibilityGlobals) = postSolution
		SolutionGuid = {9A05CC53-3239-4AE9-8D5A-AE9409F8AB5D}
	EndGlobalSection
EndGlobal
